// !$*UTF8*$!
{
	archiveVersion = 1;
	classes = {
	};
	objectVersion = 77;
	objects = {

/* Begin PBXContainerItemProxy section */
		4C8FD36F2EEACB3B00384DB6 /* PBXContainerItemProxy */ = {
			isa = PBXContainerItemProxy;
			containerPortal = 4C8FD3562EEACB3900384DB6 /* Project object */;
			proxyType = 1;
			remoteGlobalIDString = 4C8FD35D2EEACB3900384DB6;
			remoteInfo = TaskWriter;
		};
		4C8FD3792EEACB3B00384DB6 /* PBXContainerItemProxy */ = {
			isa = PBXContainerItemProxy;
			containerPortal = 4C8FD3562EEACB3900384DB6 /* Project object */;
			proxyType = 1;
			remoteGlobalIDString = 4C8FD35D2EEACB3900384DB6;
			remoteInfo = TaskWriter;
		};
/* End PBXContainerItemProxy section */

/* Begin PBXFileReference section */
		4C8FD35E2EEACB3900384DB6 /* TaskWriter.app */ = {isa = PBXFileReference; explicitFileType = wrapper.application; includeInIndex = 0; path = TaskWriter.app; sourceTree = BUILT_PRODUCTS_DIR; };
		4C8FD36E2EEACB3B00384DB6 /* TaskWriterTests.xctest */ = {isa = PBXFileReference; explicitFileType = wrapper.cfbundle; includeInIndex = 0; path = TaskWriterTests.xctest; sourceTree = BUILT_PRODUCTS_DIR; };
		4C8FD3782EEACB3B00384DB6 /* TaskWriterUITests.xctest */ = {isa = PBXFileReference; explicitFileType = wrapper.cfbundle; includeInIndex = 0; path = TaskWriterUITests.xctest; sourceTree = BUILT_PRODUCTS_DIR; };
/* End PBXFileReference section */

/* Begin PBXFileSystemSynchronizedRootGroup section */
		4C8FD3602EEACB3900384DB6 /* TaskWriter */ = {
			isa = PBXFileSystemSynchronizedRootGroup;
			path = TaskWriter;
			sourceTree = "<group>";
		};
		4C8FD3712EEACB3B00384DB6 /* TaskWriterTests */ = {
			isa = PBXFileSystemSynchronizedRootGroup;
			path = TaskWriterTests;
			sourceTree = "<group>";
		};
		4C8FD37B2EEACB3B00384DB6 /* TaskWriterUITests */ = {
			isa = PBXFileSystemSynchronizedRootGroup;
			path = TaskWriterUITests;
			sourceTree = "<group>";
		};
/* End PBXFileSystemSynchronizedRootGroup section */

/* Begin PBXFrameworksBuildPhase section */
		4C8FD35B2EEACB3900384DB6 /* Frameworks */ = {
			isa = PBXFrameworksBuildPhase;
			buildActionMask = 2147483647;
			files = (
			);
			runOnlyForDeploymentPostprocessing = 0;
		};
		4C8FD36B2EEACB3B00384DB6 /* Frameworks */ = {
			isa = PBXFrameworksBuildPhase;
			buildActionMask = 2147483647;
			files = (
			);
			runOnlyForDeploymentPostprocessing = 0;
		};
		4C8FD3752EEACB3B00384DB6 /* Frameworks */ = {
			isa = PBXFrameworksBuildPhase;
			buildActionMask = 2147483647;
			files = (
			);
			runOnlyForDeploymentPostprocessing = 0;
		};
/* End PBXFrameworksBuildPhase section */

/* Begin PBXGroup section */
		4C8FD3552EEACB3900384DB6 = {
			isa = PBXGroup;
			children = (
				4C8FD3602EEACB3900384DB6 /* TaskWriter */,
				4C8FD3712EEACB3B00384DB6 /* TaskWriterTests */,
				4C8FD37B2EEACB3B00384DB6 /* TaskWriterUITests */,
				4C8FD35F2EEACB3900384DB6 /* Products */,
			);
			sourceTree = "<group>";
		};
		4C8FD35F2EEACB3900384DB6 /* Products */ = {
			isa = PBXGroup;
			children = (
				4C8FD35E2EEACB3900384DB6 /* TaskWriter.app */,
				4C8FD36E2EEACB3B00384DB6 /* TaskWriterTests.xctest */,
				4C8FD3782EEACB3B00384DB6 /* TaskWriterUITests.xctest */,
			);
			name = Products;
			sourceTree = "<group>";
		};
/* End PBXGroup section */

/* Begin PBXNativeTarget section */
		4C8FD35D2EEACB3900384DB6 /* TaskWriter */ = {
			isa = PBXNativeTarget;
			buildConfigurationList = 4C8FD3822EEACB3B00384DB6 /* Build configuration list for PBXNativeTarget "TaskWriter" */;
			buildPhases = (
				4C8FD35A2EEACB3900384DB6 /* Sources */,
				4C8FD35B2EEACB3900384DB6 /* Frameworks */,
				4C8FD35C2EEACB3900384DB6 /* Resources */,
			);
			buildRules = (
			);
			dependencies = (
			);
			fileSystemSynchronizedGroups = (
				4C8FD3602EEACB3900384DB6 /* TaskWriter */,
			);
			name = TaskWriter;
			packageProductDependencies = (
			);
			productName = TaskWriter;
			productReference = 4C8FD35E2EEACB3900384DB6 /* TaskWriter.app */;
			productType = "com.apple.product-type.application";
		};
		4C8FD36D2EEACB3B00384DB6 /* TaskWriterTests */ = {
			isa = PBXNativeTarget;
			buildConfigurationList = 4C8FD3852EEACB3B00384DB6 /* Build configuration list for PBXNativeTarget "TaskWriterTests" */;
			buildPhases = (
				4C8FD36A2EEACB3B00384DB6 /* Sources */,
				4C8FD36B2EEACB3B00384DB6 /* Frameworks */,
				4C8FD36C2EEACB3B00384DB6 /* Resources */,
			);
			buildRules = (
			);
			dependencies = (
				4C8FD3702EEACB3B00384DB6 /* PBXTargetDependency */,
			);
			fileSystemSynchronizedGroups = (
				4C8FD3712EEACB3B00384DB6 /* TaskWriterTests */,
			);
			name = TaskWriterTests;
			packageProductDependencies = (
			);
			productName = TaskWriterTests;
			productReference = 4C8FD36E2EEACB3B00384DB6 /* TaskWriterTests.xctest */;
			productType = "com.apple.product-type.bundle.unit-test";
		};
		4C8FD3772EEACB3B00384DB6 /* TaskWriterUITests */ = {
			isa = PBXNativeTarget;
			buildConfigurationList = 4C8FD3882EEACB3B00384DB6 /* Build configuration list for PBXNativeTarget "TaskWriterUITests" */;
			buildPhases = (
				4C8FD3742EEACB3B00384DB6 /* Sources */,
				4C8FD3752EEACB3B00384DB6 /* Frameworks */,
				4C8FD3762EEACB3B00384DB6 /* Resources */,
			);
			buildRules = (
			);
			dependencies = (
				4C8FD37A2EEACB3B00384DB6 /* PBXTargetDependency */,
			);
			fileSystemSynchronizedGroups = (
				4C8FD37B2EEACB3B00384DB6 /* TaskWriterUITests */,
			);
			name = TaskWriterUITests;
			packageProductDependencies = (
			);
			productName = TaskWriterUITests;
			productReference = 4C8FD3782EEACB3B00384DB6 /* TaskWriterUITests.xctest */;
			productType = "com.apple.product-type.bundle.ui-testing";
		};
/* End PBXNativeTarget section */

/* Begin PBXProject section */
		4C8FD3562EEACB3900384DB6 /* Project object */ = {
			isa = PBXProject;
			attributes = {
				BuildIndependentTargetsInParallel = 1;
				LastSwiftUpdateCheck = 1620;
				LastUpgradeCheck = 1620;
				TargetAttributes = {
					4C8FD35D2EEACB3900384DB6 = {
						CreatedOnToolsVersion = 16.2;
					};
					4C8FD36D2EEACB3B00384DB6 = {
						CreatedOnToolsVersion = 16.2;
						TestTargetID = 4C8FD35D2EEACB3900384DB6;
					};
					4C8FD3772EEACB3B00384DB6 = {
						CreatedOnToolsVersion = 16.2;
						TestTargetID = 4C8FD35D2EEACB3900384DB6;
					};
				};
			};
			buildConfigurationList = 4C8FD3592EEACB3900384DB6 /* Build configuration list for PBXProject "TaskWriter" */;
			developmentRegion = en;
			hasScannedForEncodings = 0;
			knownRegions = (
				en,
				Base,
			);
			mainGroup = 4C8FD3552EEACB3900384DB6;
			minimizedProjectReferenceProxies = 1;
			preferredProjectObjectVersion = 77;
			productRefGroup = 4C8FD35F2EEACB3900384DB6 /* Products */;
			projectDirPath = "";
			projectRoot = "";
			targets = (
				4C8FD35D2EEACB3900384DB6 /* TaskWriter */,
				4C8FD36D2EEACB3B00384DB6 /* TaskWriterTests */,
				4C8FD3772EEACB3B00384DB6 /* TaskWriterUITests */,
			);
		};
/* End PBXProject section */

/* Begin PBXResourcesBuildPhase section */
		4C8FD35C2EEACB3900384DB6 /* Resources */ = {
			isa = PBXResourcesBuildPhase;
			buildActionMask = 2147483647;
			files = (
			);
			runOnlyForDeploymentPostprocessing = 0;
		};
		4C8FD36C2EEACB3B00384DB6 /* Resources */ = {
			isa = PBXResourcesBuildPhase;
			buildActionMask = 2147483647;
			files = (
			);
			runOnlyForDeploymentPostprocessing = 0;
		};
		4C8FD3762EEACB3B00384DB6 /* Resources */ = {
			isa = PBXResourcesBuildPhase;
			buildActionMask = 2147483647;
			files = (
			);
			runOnlyForDeploymentPostprocessing = 0;
		};
/* End PBXResourcesBuildPhase section */

/* Begin PBXSourcesBuildPhase section */
		4C8FD35A2EEACB3900384DB6 /* Sources */ = {
			isa = PBXSourcesBuildPhase;
			buildActionMask = 2147483647;
			files = (
			);
			runOnlyForDeploymentPostprocessing = 0;
		};
		4C8FD36A2EEACB3B00384DB6 /* Sources */ = {
			isa = PBXSourcesBuildPhase;
			buildActionMask = 2147483647;
			files = (
			);
			runOnlyForDeploymentPostprocessing = 0;
		};
		4C8FD3742EEACB3B00384DB6 /* Sources */ = {
			isa = PBXSourcesBuildPhase;
			buildActionMask = 2147483647;
			files = (
			);
			runOnlyForDeploymentPostprocessing = 0;
		};
/* End PBXSourcesBuildPhase section */

/* Begin PBXTargetDependency section */
		4C8FD3702EEACB3B00384DB6 /* PBXTargetDependency */ = {
			isa = PBXTargetDependency;
			target = 4C8FD35D2EEACB3900384DB6 /* TaskWriter */;
			targetProxy = 4C8FD36F2EEACB3B00384DB6 /* PBXContainerItemProxy */;
		};
		4C8FD37A2EEACB3B00384DB6 /* PBXTargetDependency */ = {
			isa = PBXTargetDependency;
			target = 4C8FD35D2EEACB3900384DB6 /* TaskWriter */;
			targetProxy = 4C8FD3792EEACB3B00384DB6 /* PBXContainerItemProxy */;
		};
/* End PBXTargetDependency section */

/* Begin XCBuildConfiguration section */
		4C8FD3802EEACB3B00384DB6 /* Debug */ = {
			isa = XCBuildConfiguration;
			buildSettings = {
				ALWAYS_SEARCH_USER_PATHS = NO;
				ASSETCATALOG_COMPILER_GENERATE_SWIFT_ASSET_SYMBOL_EXTENSIONS = YES;
				CLANG_ANALYZER_NONNULL = YES;
				CLANG_ANALYZER_NUMBER_OBJECT_CONVERSION = YES_AGGRESSIVE;
				CLANG_CXX_LANGUAGE_STANDARD = "gnu++20";
				CLANG_ENABLE_MODULES = YES;
				CLANG_ENABLE_OBJC_ARC = YES;
				CLANG_ENABLE_OBJC_WEAK = YES;
				CLANG_WARN_BLOCK_CAPTURE_AUTORELEASING = YES;
				CLANG_WARN_BOOL_CONVERSION = YES;
				CLANG_WARN_COMMA = YES;
				CLANG_WARN_CONSTANT_CONVERSION = YES;
				CLANG_WARN_DEPRECATED_OBJC_IMPLEMENTATIONS = YES;
				CLANG_WARN_DIRECT_OBJC_ISA_USAGE = YES_ERROR;
				CLANG_WARN_DOCUMENTATION_COMMENTS = YES;
				CLANG_WARN_EMPTY_BODY = YES;
				CLANG_WARN_ENUM_CONVERSION = YES;
				CLANG_WARN_INFINITE_RECURSION = YES;
				CLANG_WARN_INT_CONVERSION = YES;
				CLANG_WARN_NON_LITERAL_NULL_CONVERSION = YES;
				CLANG_WARN_OBJC_IMPLICIT_RETAIN_SELF = YES;
				CLANG_WARN_OBJC_LITERAL_CONVERSION = YES;
				CLANG_WARN_OBJC_ROOT_CLASS = YES_ERROR;
				CLANG_WARN_QUOTED_INCLUDE_IN_FRAMEWORK_HEADER = YES;
				CLANG_WARN_RANGE_LOOP_ANALYSIS = YES;
				CLANG_WARN_STRICT_PROTOTYPES = YES;
				CLANG_WARN_SUSPICIOUS_MOVE = YES;
				CLANG_WARN_UNGUARDED_AVAILABILITY = YES_AGGRESSIVE;
				CLANG_WARN_UNREACHABLE_CODE = YES;
				CLANG_WARN__DUPLICATE_METHOD_MATCH = YES;
				COPY_PHASE_STRIP = NO;
				DEBUG_INFORMATION_FORMAT = dwarf;
				ENABLE_STRICT_OBJC_MSGSEND = YES;
				ENABLE_TESTABILITY = YES;
				ENABLE_USER_SCRIPT_SANDBOXING = YES;
				GCC_C_LANGUAGE_STANDARD = gnu17;
				GCC_DYNAMIC_NO_PIC = NO;
				GCC_NO_COMMON_BLOCKS = YES;
				GCC_OPTIMIZATION_LEVEL = 0;
				GCC_PREPROCESSOR_DEFINITIONS = (
					"DEBUG=1",
					"$(inherited)",
				);
				GCC_WARN_64_TO_32_BIT_CONVERSION = YES;
				GCC_WARN_ABOUT_RETURN_TYPE = YES_ERROR;
				GCC_WARN_UNDECLARED_SELECTOR = YES;
				GCC_WARN_UNINITIALIZED_AUTOS = YES_AGGRESSIVE;
				GCC_WARN_UNUSED_FUNCTION = YES;
				GCC_WARN_UNUSED_VARIABLE = YES;
				IPHONEOS_DEPLOYMENT_TARGET = 18.2;
				LOCALIZATION_PREFERS_STRING_CATALOGS = YES;
				MTL_ENABLE_DEBUG_INFO = INCLUDE_SOURCE;
				MTL_FAST_MATH = YES;
				ONLY_ACTIVE_ARCH = YES;
				SDKROOT = iphoneos;
				SWIFT_ACTIVE_COMPILATION_CONDITIONS = "DEBUG $(inherited)";
				SWIFT_OPTIMIZATION_LEVEL = "-Onone";
			};
			name = Debug;
		};
		4C8FD3812EEACB3B00384DB6 /* Release */ = {
			isa = XCBuildConfiguration;
			buildSettings = {
				ALWAYS_SEARCH_USER_PATHS = NO;
				ASSETCATALOG_COMPILER_GENERATE_SWIFT_ASSET_SYMBOL_EXTENSIONS = YES;
				CLANG_ANALYZER_NONNULL = YES;
				CLANG_ANALYZER_NUMBER_OBJECT_CONVERSION = YES_AGGRESSIVE;
				CLANG_CXX_LANGUAGE_STANDARD = "gnu++20";
				CLANG_ENABLE_MODULES = YES;
				CLANG_ENABLE_OBJC_ARC = YES;
				CLANG_ENABLE_OBJC_WEAK = YES;
				CLANG_WARN_BLOCK_CAPTURE_AUTORELEASING = YES;
				CLANG_WARN_BOOL_CONVERSION = YES;
				CLANG_WARN_COMMA = YES;
				CLANG_WARN_CONSTANT_CONVERSION = YES;
				CLANG_WARN_DEPRECATED_OBJC_IMPLEMENTATIONS = YES;
				CLANG_WARN_DIRECT_OBJC_ISA_USAGE = YES_ERROR;
				CLANG_WARN_DOCUMENTATION_COMMENTS = YES;
				CLANG_WARN_EMPTY_BODY = YES;
				CLANG_WARN_ENUM_CONVERSION = YES;
				CLANG_WARN_INFINITE_RECURSION = YES;
				CLANG_WARN_INT_CONVERSION = YES;
				CLANG_WARN_NON_LITERAL_NULL_CONVERSION = YES;
				CLANG_WARN_OBJC_IMPLICIT_RETAIN_SELF = YES;
				CLANG_WARN_OBJC_LITERAL_CONVERSION = YES;
				CLANG_WARN_OBJC_ROOT_CLASS = YES_ERROR;
				CLANG_WARN_QUOTED_INCLUDE_IN_FRAMEWORK_HEADER = YES;
				CLANG_WARN_RANGE_LOOP_ANALYSIS = YES;
				CLANG_WARN_STRICT_PROTOTYPES = YES;
				CLANG_WARN_SUSPICIOUS_MOVE = YES;
				CLANG_WARN_UNGUARDED_AVAILABILITY = YES_AGGRESSIVE;
				CLANG_WARN_UNREACHABLE_CODE = YES;
				CLANG_WARN__DUPLICATE_METHOD_MATCH = YES;
				COPY_PHASE_STRIP = NO;
				DEBUG_INFORMATION_FORMAT = "dwarf-with-dsym";
				ENABLE_NS_ASSERTIONS = NO;
				ENABLE_STRICT_OBJC_MSGSEND = YES;
				ENABLE_USER_SCRIPT_SANDBOXING = YES;
				GCC_C_LANGUAGE_STANDARD = gnu17;
				GCC_NO_COMMON_BLOCKS = YES;
				GCC_WARN_64_TO_32_BIT_CONVERSION = YES;
				GCC_WARN_ABOUT_RETURN_TYPE = YES_ERROR;
				GCC_WARN_UNDECLARED_SELECTOR = YES;
				GCC_WARN_UNINITIALIZED_AUTOS = YES_AGGRESSIVE;
				GCC_WARN_UNUSED_FUNCTION = YES;
				GCC_WARN_UNUSED_VARIABLE = YES;
				IPHONEOS_DEPLOYMENT_TARGET = 18.2;
				LOCALIZATION_PREFERS_STRING_CATALOGS = YES;
				MTL_ENABLE_DEBUG_INFO = NO;
				MTL_FAST_MATH = YES;
				SDKROOT = iphoneos;
				SWIFT_COMPILATION_MODE = wholemodule;
				VALIDATE_PRODUCT = YES;
			};
			name = Release;
		};
		4C8FD3832EEACB3B00384DB6 /* Debug */ = {
			isa = XCBuildConfiguration;
			buildSettings = {
				ASSETCATALOG_COMPILER_APPICON_NAME = AppIcon;
				ASSETCATALOG_COMPILER_GLOBAL_ACCENT_COLOR_NAME = AccentColor;
				CODE_SIGN_STYLE = Automatic;
				CURRENT_PROJECT_VERSION = 1;
				DEVELOPMENT_ASSET_PATHS = "\"TaskWriter/Preview Content\"";
				ENABLE_PREVIEWS = YES;
				GENERATE_INFOPLIST_FILE = YES;
				INFOPLIST_KEY_UIApplicationSceneManifest_Generation = YES;
				INFOPLIST_KEY_UIApplicationSupportsIndirectInputEvents = YES;
				INFOPLIST_KEY_UILaunchScreen_Generation = YES;
				INFOPLIST_KEY_UISupportedInterfaceOrientations_iPad = "UIInterfaceOrientationPortrait UIInterfaceOrientationPortraitUpsideDown UIInterfaceOrientationLandscapeLeft UIInterfaceOrientationLandscapeRight";
				INFOPLIST_KEY_UISupportedInterfaceOrientations_iPhone = "UIInterfaceOrientationPortrait UIInterfaceOrientationLandscapeLeft UIInterfaceOrientationLandscapeRight";
				LD_RUNPATH_SEARCH_PATHS = (
					"$(inherited)",
					"@executable_path/Frameworks",
				);
				MARKETING_VERSION = 1.0;
				PRODUCT_BUNDLE_IDENTIFIER = com.pesce.TaskWriter;
				PRODUCT_NAME = "$(TARGET_NAME)";
				SWIFT_EMIT_LOC_STRINGS = YES;
				SWIFT_VERSION = 5.0;
				TARGETED_DEVICE_FAMILY = "1,2";
			};
			name = Debug;
		};
		4C8FD3842EEACB3B00384DB6 /* Release */ = {
			isa = XCBuildConfiguration;
			buildSettings = {
				ASSETCATALOG_COMPILER_APPICON_NAME = AppIcon;
				ASSETCATALOG_COMPILER_GLOBAL_ACCENT_COLOR_NAME = AccentColor;
				CODE_SIGN_STYLE = Automatic;
				CURRENT_PROJECT_VERSION = 1;
				DEVELOPMENT_ASSET_PATHS = "\"TaskWriter/Preview Content\"";
				ENABLE_PREVIEWS = YES;
				GENERATE_INFOPLIST_FILE = YES;
				INFOPLIST_KEY_UIApplicationSceneManifest_Generation = YES;
				INFOPLIST_KEY_UIApplicationSupportsIndirectInputEvents = YES;
				INFOPLIST_KEY_UILaunchScreen_Generation = YES;
				INFOPLIST_KEY_UISupportedInterfaceOrientations_iPad = "UIInterfaceOrientationPortrait UIInterfaceOrientationPortraitUpsideDown UIInterfaceOrientationLandscapeLeft UIInterfaceOrientationLandscapeRight";
				INFOPLIST_KEY_UISupportedInterfaceOrientations_iPhone = "UIInterfaceOrientationPortrait UIInterfaceOrientationLandscapeLeft UIInterfaceOrientationLandscapeRight";
				LD_RUNPATH_SEARCH_PATHS = (
					"$(inherited)",
					"@executable_path/Frameworks",
				);
				MARKETING_VERSION = 1.0;
				PRODUCT_BUNDLE_IDENTIFIER = com.pesce.TaskWriter;
				PRODUCT_NAME = "$(TARGET_NAME)";
				SWIFT_EMIT_LOC_STRINGS = YES;
				SWIFT_VERSION = 5.0;
				TARGETED_DEVICE_FAMILY = "1,2";
			};
			name = Release;
		};
		4C8FD3862EEACB3B00384DB6 /* Debug */ = {
			isa = XCBuildConfiguration;
			buildSettings = {
				BUNDLE_LOADER = "$(TEST_HOST)";
				CODE_SIGN_STYLE = Automatic;
				CURRENT_PROJECT_VERSION = 1;
				GENERATE_INFOPLIST_FILE = YES;
				IPHONEOS_DEPLOYMENT_TARGET = 18.2;
				MARKETING_VERSION = 1.0;
				PRODUCT_BUNDLE_IDENTIFIER = com.pesce.TaskWriterTests;
				PRODUCT_NAME = "$(TARGET_NAME)";
				SWIFT_EMIT_LOC_STRINGS = NO;
				SWIFT_VERSION = 5.0;
				TARGETED_DEVICE_FAMILY = "1,2";
				TEST_HOST = "$(BUILT_PRODUCTS_DIR)/TaskWriter.app/$(BUNDLE_EXECUTABLE_FOLDER_PATH)/TaskWriter";
			};
			name = Debug;
		};
		4C8FD3872EEACB3B00384DB6 /* Release */ = {
			isa = XCBuildConfiguration;
			buildSettings = {
				BUNDLE_LOADER = "$(TEST_HOST)";
				CODE_SIGN_STYLE = Automatic;
				CURRENT_PROJECT_VERSION = 1;
				GENERATE_INFOPLIST_FILE = YES;
				IPHONEOS_DEPLOYMENT_TARGET = 18.2;
				MARKETING_VERSION = 1.0;
				PRODUCT_BUNDLE_IDENTIFIER = com.pesce.TaskWriterTests;
				PRODUCT_NAME = "$(TARGET_NAME)";
				SWIFT_EMIT_LOC_STRINGS = NO;
				SWIFT_VERSION = 5.0;
				TARGETED_DEVICE_FAMILY = "1,2";
				TEST_HOST = "$(BUILT_PRODUCTS_DIR)/TaskWriter.app/$(BUNDLE_EXECUTABLE_FOLDER_PATH)/TaskWriter";
			};
			name = Release;
		};
		4C8FD3892EEACB3B00384DB6 /* Debug */ = {
			isa = XCBuildConfiguration;
			buildSettings = {
				CODE_SIGN_STYLE = Automatic;
				CURRENT_PROJECT_VERSION = 1;
				GENERATE_INFOPLIST_FILE = YES;
				MARKETING_VERSION = 1.0;
				PRODUCT_BUNDLE_IDENTIFIER = com.pesce.TaskWriterUITests;
				PRODUCT_NAME = "$(TARGET_NAME)";
				SWIFT_EMIT_LOC_STRINGS = NO;
				SWIFT_VERSION = 5.0;
				TARGETED_DEVICE_FAMILY = "1,2";
				TEST_TARGET_NAME = TaskWriter;
			};
			name = Debug;
		};
		4C8FD38A2EEACB3B00384DB6 /* Release */ = {
			isa = XCBuildConfiguration;
			buildSettings = {
				CODE_SIGN_STYLE = Automatic;
				CURRENT_PROJECT_VERSION = 1;
				GENERATE_INFOPLIST_FILE = YES;
				MARKETING_VERSION = 1.0;
				PRODUCT_BUNDLE_IDENTIFIER = com.pesce.TaskWriterUITests;
				PRODUCT_NAME = "$(TARGET_NAME)";
				SWIFT_EMIT_LOC_STRINGS = NO;
				SWIFT_VERSION = 5.0;
				TARGETED_DEVICE_FAMILY = "1,2";
				TEST_TARGET_NAME = TaskWriter;
			};
			name = Release;
		};
/* End XCBuildConfiguration section */

/* Begin XCConfigurationList section */
		4C8FD3592EEACB3900384DB6 /* Build configuration list for PBXProject "TaskWriter" */ = {
			isa = XCConfigurationList;
			buildConfigurations = (
				4C8FD3802EEACB3B00384DB6 /* Debug */,
				4C8FD3812EEACB3B00384DB6 /* Release */,
			);
			defaultConfigurationIsVisible = 0;
			defaultConfigurationName = Release;
		};
		4C8FD3822EEACB3B00384DB6 /* Build configuration list for PBXNativeTarget "TaskWriter" */ = {
			isa = XCConfigurationList;
			buildConfigurations = (
				4C8FD3832EEACB3B00384DB6 /* Debug */,
				4C8FD3842EEACB3B00384DB6 /* Release */,
			);
			defaultConfigurationIsVisible = 0;
			defaultConfigurationName = Release;
		};
		4C8FD3852EEACB3B00384DB6 /* Build configuration list for PBXNativeTarget "TaskWriterTests" */ = {
			isa = XCConfigurationList;
			buildConfigurations = (
				4C8FD3862EEACB3B00384DB6 /* Debug */,
				4C8FD3872EEACB3B00384DB6 /* Release */,
			);
			defaultConfigurationIsVisible = 0;
			defaultConfigurationName = Release;
		};
		4C8FD3882EEACB3B00384DB6 /* Build configuration list for PBXNativeTarget "TaskWriterUITests" */ = {
			isa = XCConfigurationList;
			buildConfigurations = (
				4C8FD3892EEACB3B00384DB6 /* Debug */,
				4C8FD38A2EEACB3B00384DB6 /* Release */,
			);
			defaultConfigurationIsVisible = 0;
			defaultConfigurationName = Release;
		};
/* End XCConfigurationList section */
	};
	rootObject = 4C8FD3562EEACB3900384DB6 /* Project object */;
}
